{
  "name": "test-repo",
  "version": "1.0.0",
  "lockfileVersion": 3,
  "requires": true,
  "packages": {
    "": {
      "name": "test-repo",
      "version": "1.0.0",
      "license": "ISC",
      "dependencies": {
        "@citizenfx/client": "^2.0.8102-1",
        "@citizenfx/server": "^2.0.8102-1"
      }
    },
    "node_modules/@citizenfx/client": {
      "version": "2.0.8102-1",
      "resolved": "https://registry.npmjs.org/@citizenfx/client/-/client-2.0.8102-1.tgz",
      "integrity": "sha512-xB4GuH9GfiwiAcQMacIFzjPrSDZm5qCrcRf69genY1WDcG24aHzS5g/RrirlGGROs8DMwhXjMpTlkf36r2LALg=="
    },
    "node_modules/@citizenfx/server": {
      "version": "2.0.8102-1",
      "resolved": "https://registry.npmjs.org/@citizenfx/server/-/server-2.0.8102-1.tgz",
      "integrity": "sha512-uRV8OdpAnPLNSB6C0mO1N47Z8dFXRyDiWVe4SyFXfK1udfOt8WhrrZlUzhaK4P4D27R6P44yu8GMGzSVnkP00g=="
    }
  }
}
